
Microsoft Visual Studio Solution File, Format Version 12.00
# Visual Studio Version 16
VisualStudioVersion = 16.0.30114.105
MinimumVisualStudioVersion = 10.0.40219.1
Project("{9A19103F-16F7-4668-BE54-9A1E7A4F7556}") = "Timesheet.Core", "Timesheet.Core\Timesheet.Core.csproj", "{1340D369-2AF8-44F7-B0D2-491D96537627}"
EndProject
Project("{9A19103F-16F7-4668-BE54-9A1E7A4F7556}") = "Timesheet.Api", "Timesheet.Api\Timesheet.Api.csproj", "{9E485A1E-40D5-47F0-8D43-768570FAE2F0}"
EndProject
Project("{9A19103F-16F7-4668-BE54-9A1E7A4F7556}") = "Timesheet.Infrastructure", "Timesheet.Infrastructure\Timesheet.Infrastructure.csproj", "{5453D778-9A45-4A68-8DAD-137902A8FC75}"
EndProject
Project("{FAE04EC0-301F-11D3-BF4B-00C04F79EFBC}") = "Timesheet.Api.Test", "Timesheet.Api.Test\Timesheet.Api.Test.csproj", "{32C648FF-A134-4D54-B924-3DF11EB1F645}"
EndProject
Global
	GlobalSection(SolutionConfigurationPlatforms) = preSolution
		Debug|Any CPU = Debug|Any CPU
		Release|Any CPU = Release|Any CPU
	EndGlobalSection
	GlobalSection(ProjectConfigurationPlatforms) = postSolution
		{1340D369-2AF8-44F7-B0D2-491D96537627}.Debug|Any CPU.ActiveCfg = Debug|Any CPU
		{1340D369-2AF8-44F7-B0D2-491D96537627}.Debug|Any CPU.Build.0 = Debug|Any CPU
		{1340D369-2AF8-44F7-B0D2-491D96537627}.Release|Any CPU.ActiveCfg = Release|Any CPU
		{1340D369-2AF8-44F7-B0D2-491D96537627}.Release|Any CPU.Build.0 = Release|Any CPU
		{9E485A1E-40D5-47F0-8D43-768570FAE2F0}.Debug|Any CPU.ActiveCfg = Debug|Any CPU
		{9E485A1E-40D5-47F0-8D43-768570FAE2F0}.Debug|Any CPU.Build.0 = Debug|Any CPU
		{9E485A1E-40D5-47F0-8D43-768570FAE2F0}.Release|Any CPU.ActiveCfg = Release|Any CPU
		{9E485A1E-40D5-47F0-8D43-768570FAE2F0}.Release|Any CPU.Build.0 = Release|Any CPU
		{5453D778-9A45-4A68-8DAD-137902A8FC75}.Debug|Any CPU.ActiveCfg = Debug|Any CPU
		{5453D778-9A45-4A68-8DAD-137902A8FC75}.Debug|Any CPU.Build.0 = Debug|Any CPU
		{5453D778-9A45-4A68-8DAD-137902A8FC75}.Release|Any CPU.ActiveCfg = Release|Any CPU
		{5453D778-9A45-4A68-8DAD-137902A8FC75}.Release|Any CPU.Build.0 = Release|Any CPU
		{32C648FF-A134-4D54-B924-3DF11EB1F645}.Debug|Any CPU.ActiveCfg = Debug|Any CPU
		{32C648FF-A134-4D54-B924-3DF11EB1F645}.Debug|Any CPU.Build.0 = Debug|Any CPU
		{32C648FF-A134-4D54-B924-3DF11EB1F645}.Release|Any CPU.ActiveCfg = Release|Any CPU
		{32C648FF-A134-4D54-B924-3DF11EB1F645}.Release|Any CPU.Build.0 = Release|Any CPU
	EndGlobalSection
	GlobalSection(SolutionProperties) = preSolution
		HideSolutionNode = FALSE
	EndGlobalSection
	GlobalSection(ExtensibilityGlobals) = postSolution
		SolutionGuid = {CA1DEE20-F9A6-4D27-9501-1BABFF56457B}
	EndGlobalSection
EndGlobal
